
Microsoft Visual Studio Solution File, Format Version 12.00
# Visual Studio Version 17
VisualStudioVersion = 17.9.34728.123
MinimumVisualStudioVersion = 10.0.40219.1
Project("{FAE04EC0-301F-11D3-BF4B-00C04F79EFBC}") = "NYK.WebApp", "NYK.WebApp\NYK.WebApp.csproj", "{01CF2265-53A5-4248-A66F-029C1DBF09C2}"
EndProject
Global
	GlobalSection(SolutionConfigurationPlatforms) = preSolution
		Debug|Any CPU = Debug|Any CPU
		Release|Any CPU = Release|Any CPU
	EndGlobalSection
	GlobalSection(ProjectConfigurationPlatforms) = postSolution
		{01CF2265-53A5-4248-A66F-029C1DBF09C2}.Debug|Any CPU.ActiveCfg = Debug|Any CPU
		{01CF2265-53A5-4248-A66F-029C1DBF09C2}.Debug|Any CPU.Build.0 = Debug|Any CPU
		{01CF2265-53A5-4248-A66F-029C1DBF09C2}.Release|Any CPU.ActiveCfg = Release|Any CPU
		{01CF2265-53A5-4248-A66F-029C1DBF09C2}.Release|Any CPU.Build.0 = Release|Any CPU
	EndGlobalSection
	GlobalSection(SolutionProperties) = preSolution
		HideSolutionNode = FALSE
	EndGlobalSection
	GlobalSection(ExtensibilityGlobals) = postSolution
		SolutionGuid = {55277D4E-990E-40B5-B636-418B3DA43D64}
	EndGlobalSection
EndGlobal
